﻿﻿﻿/// <reference types="next" />
/// <reference types="next/ [Text.Encoding]::UTF8.GetString([Text.Encoding]::Default.GetBytes(/// <reference types="next" />
/// <reference types="next/image-types/global" />

// NOTE: This file should not be edited
// see https://nextjs.org/docs/app/building-your-application/configuring/typescript for more information.
)) mage-types/global" />

// NOTE: Th [Text.Encoding]::UTF8.GetString([Text.Encoding]::Default.GetBytes(/// <reference types="next" />
/// <reference types="next/image-types/global" />

// NOTE: This file should not be edited
// see https://nextjs.org/docs/app/building-your-application/configuring/typescript for more information.
)) s f [Text.Encoding]::UTF8.GetString([Text.Encoding]::Default.GetBytes(/// <reference types="next" />
/// <reference types="next/image-types/global" />

// NOTE: This file should not be edited
// see https://nextjs.org/docs/app/building-your-application/configuring/typescript for more information.
)) le should not be ed [Text.Encoding]::UTF8.GetString([Text.Encoding]::Default.GetBytes(/// <reference types="next" />
/// <reference types="next/image-types/global" />

// NOTE: This file should not be edited
// see https://nextjs.org/docs/app/building-your-application/configuring/typescript for more information.
)) ted
// see https://nextjs.org/docs/app/bu [Text.Encoding]::UTF8.GetString([Text.Encoding]::Default.GetBytes(/// <reference types="next" />
/// <reference types="next/image-types/global" />

// NOTE: This file should not be edited
// see https://nextjs.org/docs/app/building-your-application/configuring/typescript for more information.
)) ld [Text.Encoding]::UTF8.GetString([Text.Encoding]::Default.GetBytes(/// <reference types="next" />
/// <reference types="next/image-types/global" />

// NOTE: This file should not be edited
// see https://nextjs.org/docs/app/building-your-application/configuring/typescript for more information.
)) ng-your-appl [Text.Encoding]::UTF8.GetString([Text.Encoding]::Default.GetBytes(/// <reference types="next" />
/// <reference types="next/image-types/global" />

// NOTE: This file should not be edited
// see https://nextjs.org/docs/app/building-your-application/configuring/typescript for more information.
)) cat [Text.Encoding]::UTF8.GetString([Text.Encoding]::Default.GetBytes(/// <reference types="next" />
/// <reference types="next/image-types/global" />

// NOTE: This file should not be edited
// see https://nextjs.org/docs/app/building-your-application/configuring/typescript for more information.
)) on/conf [Text.Encoding]::UTF8.GetString([Text.Encoding]::Default.GetBytes(/// <reference types="next" />
/// <reference types="next/image-types/global" />

// NOTE: This file should not be edited
// see https://nextjs.org/docs/app/building-your-application/configuring/typescript for more information.
)) gur [Text.Encoding]::UTF8.GetString([Text.Encoding]::Default.GetBytes(/// <reference types="next" />
/// <reference types="next/image-types/global" />

// NOTE: This file should not be edited
// see https://nextjs.org/docs/app/building-your-application/configuring/typescript for more information.
)) ng/typescr [Text.Encoding]::UTF8.GetString([Text.Encoding]::Default.GetBytes(/// <reference types="next" />
/// <reference types="next/image-types/global" />

// NOTE: This file should not be edited
// see https://nextjs.org/docs/app/building-your-application/configuring/typescript for more information.
)) pt for more  [Text.Encoding]::UTF8.GetString([Text.Encoding]::Default.GetBytes(/// <reference types="next" />
/// <reference types="next/image-types/global" />

// NOTE: This file should not be edited
// see https://nextjs.org/docs/app/building-your-application/configuring/typescript for more information.
)) nformat [Text.Encoding]::UTF8.GetString([Text.Encoding]::Default.GetBytes(/// <reference types="next" />
/// <reference types="next/image-types/global" />

// NOTE: This file should not be edited
// see https://nextjs.org/docs/app/building-your-application/configuring/typescript for more information.
)) on.






